// !$*UTF8*$!
{
	archiveVersion = 1;
	classes = {
	};
	objectVersion = 77;
	objects = {

/* Begin PBXBuildFile section */
		187FBFE92DD380FF003133FD /* FirebaseAuth in Frameworks */ = {isa = PBXBuildFile; productRef = 187FBFE82DD380FF003133FD /* FirebaseAuth */; };
		187FBFEB2DD380FF003133FD /* FirebaseAuthCombine-Community in Frameworks */ = {isa = PBXBuildFile; productRef = 187FBFEA2DD380FF003133FD /* FirebaseAuthCombine-Community */; };
		187FBFED2DD380FF003133FD /* FirebaseDatabase in Frameworks */ = {isa = PBXBuildFile; productRef = 187FBFEC2DD380FF003133FD /* FirebaseDatabase */; };
		187FBFEF2DD380FF003133FD /* FirebaseFirestore in Frameworks */ = {isa = PBXBuildFile; productRef = 187FBFEE2DD380FF003133FD /* FirebaseFirestore */; };
/* End PBXBuildFile section */

/* Begin PBXContainerItemProxy section */
		189C81CC2D7FC81700A0B989 /* PBXContainerItemProxy */ = {
			isa = PBXContainerItemProxy;
			containerPortal = 189C81B32D7FC81500A0B989 /* Project object */;
			proxyType = 1;
			remoteGlobalIDString = 189C81BA2D7FC81500A0B989;
			remoteInfo = HomeFix2;
		};
		189C81D62D7FC81800A0B989 /* PBXContainerItemProxy */ = {
			isa = PBXContainerItemProxy;
			containerPortal = 189C81B32D7FC81500A0B989 /* Project object */;
			proxyType = 1;
			remoteGlobalIDString = 189C81BA2D7FC81500A0B989;
			remoteInfo = HomeFix2;
		};
/* End PBXContainerItemProxy section */

/* Begin PBXFileReference section */
		189C81BB2D7FC81500A0B989 /* HomeFix2.app */ = {isa = PBXFileReference; explicitFileType = wrapper.application; includeInIndex = 0; path = HomeFix2.app; sourceTree = BUILT_PRODUCTS_DIR; };
		189C81CB2D7FC81700A0B989 /* HomeFix2Tests.xctest */ = {isa = PBXFileReference; explicitFileType = wrapper.cfbundle; includeInIndex = 0; path = HomeFix2Tests.xctest; sourceTree = BUILT_PRODUCTS_DIR; };
		189C81D52D7FC81800A0B989 /* HomeFix2UITests.xctest */ = {isa = PBXFileReference; explicitFileType = wrapper.cfbundle; includeInIndex = 0; path = HomeFix2UITests.xctest; sourceTree = BUILT_PRODUCTS_DIR; };
/* End PBXFileReference section */

/* Begin PBXFileSystemSynchronizedRootGroup section */
		189C81BD2D7FC81500A0B989 /* HomeFix2 */ = {
			isa = PBXFileSystemSynchronizedRootGroup;
			path = HomeFix2;
			sourceTree = "<group>";
		};
		189C81CE2D7FC81700A0B989 /* HomeFix2Tests */ = {
			isa = PBXFileSystemSynchronizedRootGroup;
			path = HomeFix2Tests;
			sourceTree = "<group>";
		};
		189C81D82D7FC81800A0B989 /* HomeFix2UITests */ = {
			isa = PBXFileSystemSynchronizedRootGroup;
			path = HomeFix2UITests;
			sourceTree = "<group>";
		};
/* End PBXFileSystemSynchronizedRootGroup section */

/* Begin PBXFrameworksBuildPhase section */
		189C81B82D7FC81500A0B989 /* Frameworks */ = {
			isa = PBXFrameworksBuildPhase;
			buildActionMask = 2147483647;
			files = (
				187FBFED2DD380FF003133FD /* FirebaseDatabase in Frameworks */,
				187FBFEF2DD380FF003133FD /* FirebaseFirestore in Frameworks */,
				187FBFE92DD380FF003133FD /* FirebaseAuth in Frameworks */,
				187FBFEB2DD380FF003133FD /* FirebaseAuthCombine-Community in Frameworks */,
			);
			runOnlyForDeploymentPostprocessing = 0;
		};
		189C81C82D7FC81700A0B989 /* Frameworks */ = {
			isa = PBXFrameworksBuildPhase;
			buildActionMask = 2147483647;
			files = (
			);
			runOnlyForDeploymentPostprocessing = 0;
		};
		189C81D22D7FC81800A0B989 /* Frameworks */ = {
			isa = PBXFrameworksBuildPhase;
			buildActionMask = 2147483647;
			files = (
			);
			runOnlyForDeploymentPostprocessing = 0;
		};
/* End PBXFrameworksBuildPhase section */

/* Begin PBXGroup section */
		189C81B22D7FC81500A0B989 = {
			isa = PBXGroup;
			children = (
				189C81BD2D7FC81500A0B989 /* HomeFix2 */,
				189C81CE2D7FC81700A0B989 /* HomeFix2Tests */,
				189C81D82D7FC81800A0B989 /* HomeFix2UITests */,
				189C81BC2D7FC81500A0B989 /* Products */,
			);
			sourceTree = "<group>";
		};
		189C81BC2D7FC81500A0B989 /* Products */ = {
			isa = PBXGroup;
			children = (
				189C81BB2D7FC81500A0B989 /* HomeFix2.app */,
				189C81CB2D7FC81700A0B989 /* HomeFix2Tests.xctest */,
				189C81D52D7FC81800A0B989 /* HomeFix2UITests.xctest */,
			);
			name = Products;
			sourceTree = "<group>";
		};
/* End PBXGroup section */

/* Begin PBXNativeTarget section */
		189C81BA2D7FC81500A0B989 /* HomeFix2 */ = {
			isa = PBXNativeTarget;
			buildConfigurationList = 189C81DF2D7FC81800A0B989 /* Build configuration list for PBXNativeTarget "HomeFix2" */;
			buildPhases = (
				189C81B72D7FC81500A0B989 /* Sources */,
				189C81B82D7FC81500A0B989 /* Frameworks */,
				189C81B92D7FC81500A0B989 /* Resources */,
			);
			buildRules = (
			);
			dependencies = (
			);
			fileSystemSynchronizedGroups = (
				189C81BD2D7FC81500A0B989 /* HomeFix2 */,
			);
			name = HomeFix2;
			packageProductDependencies = (
				187FBFE82DD380FF003133FD /* FirebaseAuth */,
				187FBFEA2DD380FF003133FD /* FirebaseAuthCombine-Community */,
				187FBFEC2DD380FF003133FD /* FirebaseDatabase */,
				187FBFEE2DD380FF003133FD /* FirebaseFirestore */,
			);
			productName = HomeFix2;
			productReference = 189C81BB2D7FC81500A0B989 /* HomeFix2.app */;
			productType = "com.apple.product-type.application";
		};
		189C81CA2D7FC81700A0B989 /* HomeFix2Tests */ = {
			isa = PBXNativeTarget;
			buildConfigurationList = 189C81E22D7FC81800A0B989 /* Build configuration list for PBXNativeTarget "HomeFix2Tests" */;
			buildPhases = (
				189C81C72D7FC81700A0B989 /* Sources */,
				189C81C82D7FC81700A0B989 /* Frameworks */,
				189C81C92D7FC81700A0B989 /* Resources */,
			);
			buildRules = (
			);
			dependencies = (
				189C81CD2D7FC81700A0B989 /* PBXTargetDependency */,
			);
			fileSystemSynchronizedGroups = (
				189C81CE2D7FC81700A0B989 /* HomeFix2Tests */,
			);
			name = HomeFix2Tests;
			packageProductDependencies = (
			);
			productName = HomeFix2Tests;
			productReference = 189C81CB2D7FC81700A0B989 /* HomeFix2Tests.xctest */;
			productType = "com.apple.product-type.bundle.unit-test";
		};
		189C81D42D7FC81800A0B989 /* HomeFix2UITests */ = {
			isa = PBXNativeTarget;
			buildConfigurationList = 189C81E52D7FC81800A0B989 /* Build configuration list for PBXNativeTarget "HomeFix2UITests" */;
			buildPhases = (
				189C81D12D7FC81800A0B989 /* Sources */,
				189C81D22D7FC81800A0B989 /* Frameworks */,
				189C81D32D7FC81800A0B989 /* Resources */,
			);
			buildRules = (
			);
			dependencies = (
				189C81D72D7FC81800A0B989 /* PBXTargetDependency */,
			);
			fileSystemSynchronizedGroups = (
				189C81D82D7FC81800A0B989 /* HomeFix2UITests */,
			);
			name = HomeFix2UITests;
			packageProductDependencies = (
			);
			productName = HomeFix2UITests;
			productReference = 189C81D52D7FC81800A0B989 /* HomeFix2UITests.xctest */;
			productType = "com.apple.product-type.bundle.ui-testing";
		};
/* End PBXNativeTarget section */

/* Begin PBXProject section */
		189C81B32D7FC81500A0B989 /* Project object */ = {
			isa = PBXProject;
			attributes = {
				BuildIndependentTargetsInParallel = 1;
				LastSwiftUpdateCheck = 1620;
				LastUpgradeCheck = 1620;
				TargetAttributes = {
					189C81BA2D7FC81500A0B989 = {
						CreatedOnToolsVersion = 16.2;
					};
					189C81CA2D7FC81700A0B989 = {
						CreatedOnToolsVersion = 16.2;
						TestTargetID = 189C81BA2D7FC81500A0B989;
					};
					189C81D42D7FC81800A0B989 = {
						CreatedOnToolsVersion = 16.2;
						TestTargetID = 189C81BA2D7FC81500A0B989;
					};
				};
			};
			buildConfigurationList = 189C81B62D7FC81500A0B989 /* Build configuration list for PBXProject "HomeFix2" */;
			developmentRegion = en;
			hasScannedForEncodings = 0;
			knownRegions = (
				en,
				Base,
			);
			mainGroup = 189C81B22D7FC81500A0B989;
			minimizedProjectReferenceProxies = 1;
			packageReferences = (
				187FBFE72DD380FF003133FD /* XCRemoteSwiftPackageReference "firebase-ios-sdk" */,
			);
			preferredProjectObjectVersion = 77;
			productRefGroup = 189C81BC2D7FC81500A0B989 /* Products */;
			projectDirPath = "";
			projectRoot = "";
			targets = (
				189C81BA2D7FC81500A0B989 /* HomeFix2 */,
				189C81CA2D7FC81700A0B989 /* HomeFix2Tests */,
				189C81D42D7FC81800A0B989 /* HomeFix2UITests */,
			);
		};
/* End PBXProject section */

/* Begin PBXResourcesBuildPhase section */
		189C81B92D7FC81500A0B989 /* Resources */ = {
			isa = PBXResourcesBuildPhase;
			buildActionMask = 2147483647;
			files = (
			);
			runOnlyForDeploymentPostprocessing = 0;
		};
		189C81C92D7FC81700A0B989 /* Resources */ = {
			isa = PBXResourcesBuildPhase;
			buildActionMask = 2147483647;
			files = (
			);
			runOnlyForDeploymentPostprocessing = 0;
		};
		189C81D32D7FC81800A0B989 /* Resources */ = {
			isa = PBXResourcesBuildPhase;
			buildActionMask = 2147483647;
			files = (
			);
			runOnlyForDeploymentPostprocessing = 0;
		};
/* End PBXResourcesBuildPhase section */

/* Begin PBXSourcesBuildPhase section */
		189C81B72D7FC81500A0B989 /* Sources */ = {
			isa = PBXSourcesBuildPhase;
			buildActionMask = 2147483647;
			files = (
			);
			runOnlyForDeploymentPostprocessing = 0;
		};
		189C81C72D7FC81700A0B989 /* Sources */ = {
			isa = PBXSourcesBuildPhase;
			buildActionMask = 2147483647;
			files = (
			);
			runOnlyForDeploymentPostprocessing = 0;
		};
		189C81D12D7FC81800A0B989 /* Sources */ = {
			isa = PBXSourcesBuildPhase;
			buildActionMask = 2147483647;
			files = (
			);
			runOnlyForDeploymentPostprocessing = 0;
		};
/* End PBXSourcesBuildPhase section */

/* Begin PBXTargetDependency section */
		189C81CD2D7FC81700A0B989 /* PBXTargetDependency */ = {
			isa = PBXTargetDependency;
			target = 189C81BA2D7FC81500A0B989 /* HomeFix2 */;
			targetProxy = 189C81CC2D7FC81700A0B989 /* PBXContainerItemProxy */;
		};
		189C81D72D7FC81800A0B989 /* PBXTargetDependency */ = {
			isa = PBXTargetDependency;
			target = 189C81BA2D7FC81500A0B989 /* HomeFix2 */;
			targetProxy = 189C81D62D7FC81800A0B989 /* PBXContainerItemProxy */;
		};
/* End PBXTargetDependency section */

/* Begin XCBuildConfiguration section */
		189C81DD2D7FC81800A0B989 /* Debug */ = {
			isa = XCBuildConfiguration;
			buildSettings = {
				ALWAYS_SEARCH_USER_PATHS = NO;
				ASSETCATALOG_COMPILER_GENERATE_SWIFT_ASSET_SYMBOL_EXTENSIONS = YES;
				CLANG_ANALYZER_NONNULL = YES;
				CLANG_ANALYZER_NUMBER_OBJECT_CONVERSION = YES_AGGRESSIVE;
				CLANG_CXX_LANGUAGE_STANDARD = "gnu++20";
				CLANG_ENABLE_MODULES = YES;
				CLANG_ENABLE_OBJC_ARC = YES;
				CLANG_ENABLE_OBJC_WEAK = YES;
				CLANG_WARN_BLOCK_CAPTURE_AUTORELEASING = YES;
				CLANG_WARN_BOOL_CONVERSION = YES;
				CLANG_WARN_COMMA = YES;
				CLANG_WARN_CONSTANT_CONVERSION = YES;
				CLANG_WARN_DEPRECATED_OBJC_IMPLEMENTATIONS = YES;
				CLANG_WARN_DIRECT_OBJC_ISA_USAGE = YES_ERROR;
				CLANG_WARN_DOCUMENTATION_COMMENTS = YES;
				CLANG_WARN_EMPTY_BODY = YES;
				CLANG_WARN_ENUM_CONVERSION = YES;
				CLANG_WARN_INFINITE_RECURSION = YES;
				CLANG_WARN_INT_CONVERSION = YES;
				CLANG_WARN_NON_LITERAL_NULL_CONVERSION = YES;
				CLANG_WARN_OBJC_IMPLICIT_RETAIN_SELF = YES;
				CLANG_WARN_OBJC_LITERAL_CONVERSION = YES;
				CLANG_WARN_OBJC_ROOT_CLASS = YES_ERROR;
				CLANG_WARN_QUOTED_INCLUDE_IN_FRAMEWORK_HEADER = YES;
				CLANG_WARN_RANGE_LOOP_ANALYSIS = YES;
				CLANG_WARN_STRICT_PROTOTYPES = YES;
				CLANG_WARN_SUSPICIOUS_MOVE = YES;
				CLANG_WARN_UNGUARDED_AVAILABILITY = YES_AGGRESSIVE;
				CLANG_WARN_UNREACHABLE_CODE = YES;
				CLANG_WARN__DUPLICATE_METHOD_MATCH = YES;
				COPY_PHASE_STRIP = NO;
				DEBUG_INFORMATION_FORMAT = dwarf;
				ENABLE_STRICT_OBJC_MSGSEND = YES;
				ENABLE_TESTABILITY = YES;
				ENABLE_USER_SCRIPT_SANDBOXING = YES;
				GCC_C_LANGUAGE_STANDARD = gnu17;
				GCC_DYNAMIC_NO_PIC = NO;
				GCC_NO_COMMON_BLOCKS = YES;
				GCC_OPTIMIZATION_LEVEL = 0;
				GCC_PREPROCESSOR_DEFINITIONS = (
					"DEBUG=1",
					"$(inherited)",
				);
				GCC_WARN_64_TO_32_BIT_CONVERSION = YES;
				GCC_WARN_ABOUT_RETURN_TYPE = YES_ERROR;
				GCC_WARN_UNDECLARED_SELECTOR = YES;
				GCC_WARN_UNINITIALIZED_AUTOS = YES_AGGRESSIVE;
				GCC_WARN_UNUSED_FUNCTION = YES;
				GCC_WARN_UNUSED_VARIABLE = YES;
				IPHONEOS_DEPLOYMENT_TARGET = 18.2;
				LOCALIZATION_PREFERS_STRING_CATALOGS = YES;
				MTL_ENABLE_DEBUG_INFO = INCLUDE_SOURCE;
				MTL_FAST_MATH = YES;
				ONLY_ACTIVE_ARCH = YES;
				SDKROOT = iphoneos;
				SWIFT_ACTIVE_COMPILATION_CONDITIONS = "DEBUG $(inherited)";
				SWIFT_OPTIMIZATION_LEVEL = "-Onone";
			};
			name = Debug;
		};
		189C81DE2D7FC81800A0B989 /* Release */ = {
			isa = XCBuildConfiguration;
			buildSettings = {
				ALWAYS_SEARCH_USER_PATHS = NO;
				ASSETCATALOG_COMPILER_GENERATE_SWIFT_ASSET_SYMBOL_EXTENSIONS = YES;
				CLANG_ANALYZER_NONNULL = YES;
				CLANG_ANALYZER_NUMBER_OBJECT_CONVERSION = YES_AGGRESSIVE;
				CLANG_CXX_LANGUAGE_STANDARD = "gnu++20";
				CLANG_ENABLE_MODULES = YES;
				CLANG_ENABLE_OBJC_ARC = YES;
				CLANG_ENABLE_OBJC_WEAK = YES;
				CLANG_WARN_BLOCK_CAPTURE_AUTORELEASING = YES;
				CLANG_WARN_BOOL_CONVERSION = YES;
				CLANG_WARN_COMMA = YES;
				CLANG_WARN_CONSTANT_CONVERSION = YES;
				CLANG_WARN_DEPRECATED_OBJC_IMPLEMENTATIONS = YES;
				CLANG_WARN_DIRECT_OBJC_ISA_USAGE = YES_ERROR;
				CLANG_WARN_DOCUMENTATION_COMMENTS = YES;
				CLANG_WARN_EMPTY_BODY = YES;
				CLANG_WARN_ENUM_CONVERSION = YES;
				CLANG_WARN_INFINITE_RECURSION = YES;
				CLANG_WARN_INT_CONVERSION = YES;
				CLANG_WARN_NON_LITERAL_NULL_CONVERSION = YES;
				CLANG_WARN_OBJC_IMPLICIT_RETAIN_SELF = YES;
				CLANG_WARN_OBJC_LITERAL_CONVERSION = YES;
				CLANG_WARN_OBJC_ROOT_CLASS = YES_ERROR;
				CLANG_WARN_QUOTED_INCLUDE_IN_FRAMEWORK_HEADER = YES;
				CLANG_WARN_RANGE_LOOP_ANALYSIS = YES;
				CLANG_WARN_STRICT_PROTOTYPES = YES;
				CLANG_WARN_SUSPICIOUS_MOVE = YES;
				CLANG_WARN_UNGUARDED_AVAILABILITY = YES_AGGRESSIVE;
				CLANG_WARN_UNREACHABLE_CODE = YES;
				CLANG_WARN__DUPLICATE_METHOD_MATCH = YES;
				COPY_PHASE_STRIP = NO;
				DEBUG_INFORMATION_FORMAT = "dwarf-with-dsym";
				ENABLE_NS_ASSERTIONS = NO;
				ENABLE_STRICT_OBJC_MSGSEND = YES;
				ENABLE_USER_SCRIPT_SANDBOXING = YES;
				GCC_C_LANGUAGE_STANDARD = gnu17;
				GCC_NO_COMMON_BLOCKS = YES;
				GCC_WARN_64_TO_32_BIT_CONVERSION = YES;
				GCC_WARN_ABOUT_RETURN_TYPE = YES_ERROR;
				GCC_WARN_UNDECLARED_SELECTOR = YES;
				GCC_WARN_UNINITIALIZED_AUTOS = YES_AGGRESSIVE;
				GCC_WARN_UNUSED_FUNCTION = YES;
				GCC_WARN_UNUSED_VARIABLE = YES;
				IPHONEOS_DEPLOYMENT_TARGET = 18.2;
				LOCALIZATION_PREFERS_STRING_CATALOGS = YES;
				MTL_ENABLE_DEBUG_INFO = NO;
				MTL_FAST_MATH = YES;
				SDKROOT = iphoneos;
				SWIFT_COMPILATION_MODE = wholemodule;
				VALIDATE_PRODUCT = YES;
			};
			name = Release;
		};
		189C81E02D7FC81800A0B989 /* Debug */ = {
			isa = XCBuildConfiguration;
			buildSettings = {
				ASSETCATALOG_COMPILER_APPICON_NAME = AppIcon;
				ASSETCATALOG_COMPILER_GLOBAL_ACCENT_COLOR_NAME = AccentColor;
				CODE_SIGN_STYLE = Automatic;
				CURRENT_PROJECT_VERSION = 1;
				DEVELOPMENT_ASSET_PATHS = "\"HomeFix2/Preview Content\"";
				DEVELOPMENT_TEAM = 7MPV3CPR5S;
				ENABLE_PREVIEWS = YES;
				GENERATE_INFOPLIST_FILE = YES;
				INFOPLIST_KEY_UIApplicationSceneManifest_Generation = YES;
				INFOPLIST_KEY_UIApplicationSupportsIndirectInputEvents = YES;
				INFOPLIST_KEY_UILaunchScreen_Generation = YES;
				INFOPLIST_KEY_UISupportedInterfaceOrientations_iPad = "UIInterfaceOrientationPortrait UIInterfaceOrientationPortraitUpsideDown UIInterfaceOrientationLandscapeLeft UIInterfaceOrientationLandscapeRight";
				INFOPLIST_KEY_UISupportedInterfaceOrientations_iPhone = "UIInterfaceOrientationPortrait UIInterfaceOrientationLandscapeLeft UIInterfaceOrientationLandscapeRight";
				LD_RUNPATH_SEARCH_PATHS = (
					"$(inherited)",
					"@executable_path/Frameworks",
				);
				MARKETING_VERSION = 1.0;
				PRODUCT_BUNDLE_IDENTIFIER = DevProject.HomeFix2;
				PRODUCT_NAME = "$(TARGET_NAME)";
				SWIFT_EMIT_LOC_STRINGS = YES;
				SWIFT_VERSION = 5.0;
				TARGETED_DEVICE_FAMILY = "1,2";
			};
			name = Debug;
		};
		189C81E12D7FC81800A0B989 /* Release */ = {
			isa = XCBuildConfiguration;
			buildSettings = {
				ASSETCATALOG_COMPILER_APPICON_NAME = AppIcon;
				ASSETCATALOG_COMPILER_GLOBAL_ACCENT_COLOR_NAME = AccentColor;
				CODE_SIGN_STYLE = Automatic;
				CURRENT_PROJECT_VERSION = 1;
				DEVELOPMENT_ASSET_PATHS = "\"HomeFix2/Preview Content\"";
				DEVELOPMENT_TEAM = 7MPV3CPR5S;
				ENABLE_PREVIEWS = YES;
				GENERATE_INFOPLIST_FILE = YES;
				INFOPLIST_KEY_UIApplicationSceneManifest_Generation = YES;
				INFOPLIST_KEY_UIApplicationSupportsIndirectInputEvents = YES;
				INFOPLIST_KEY_UILaunchScreen_Generation = YES;
				INFOPLIST_KEY_UISupportedInterfaceOrientations_iPad = "UIInterfaceOrientationPortrait UIInterfaceOrientationPortraitUpsideDown UIInterfaceOrientationLandscapeLeft UIInterfaceOrientationLandscapeRight";
				INFOPLIST_KEY_UISupportedInterfaceOrientations_iPhone = "UIInterfaceOrientationPortrait UIInterfaceOrientationLandscapeLeft UIInterfaceOrientationLandscapeRight";
				LD_RUNPATH_SEARCH_PATHS = (
					"$(inherited)",
					"@executable_path/Frameworks",
				);
				MARKETING_VERSION = 1.0;
				PRODUCT_BUNDLE_IDENTIFIER = DevProject.HomeFix2;
				PRODUCT_NAME = "$(TARGET_NAME)";
				SWIFT_EMIT_LOC_STRINGS = YES;
				SWIFT_VERSION = 5.0;
				TARGETED_DEVICE_FAMILY = "1,2";
			};
			name = Release;
		};
		189C81E32D7FC81800A0B989 /* Debug */ = {
			isa = XCBuildConfiguration;
			buildSettings = {
				BUNDLE_LOADER = "$(TEST_HOST)";
				CODE_SIGN_STYLE = Automatic;
				CURRENT_PROJECT_VERSION = 1;
				DEVELOPMENT_TEAM = 7MPV3CPR5S;
				GENERATE_INFOPLIST_FILE = YES;
				IPHONEOS_DEPLOYMENT_TARGET = 18.2;
				MARKETING_VERSION = 1.0;
				PRODUCT_BUNDLE_IDENTIFIER = DevProject.HomeFix2Tests;
				PRODUCT_NAME = "$(TARGET_NAME)";
				SWIFT_EMIT_LOC_STRINGS = NO;
				SWIFT_VERSION = 5.0;
				TARGETED_DEVICE_FAMILY = "1,2";
				TEST_HOST = "$(BUILT_PRODUCTS_DIR)/HomeFix2.app/$(BUNDLE_EXECUTABLE_FOLDER_PATH)/HomeFix2";
			};
			name = Debug;
		};
		189C81E42D7FC81800A0B989 /* Release */ = {
			isa = XCBuildConfiguration;
			buildSettings = {
				BUNDLE_LOADER = "$(TEST_HOST)";
				CODE_SIGN_STYLE = Automatic;
				CURRENT_PROJECT_VERSION = 1;
				DEVELOPMENT_TEAM = 7MPV3CPR5S;
				GENERATE_INFOPLIST_FILE = YES;
				IPHONEOS_DEPLOYMENT_TARGET = 18.2;
				MARKETING_VERSION = 1.0;
				PRODUCT_BUNDLE_IDENTIFIER = DevProject.HomeFix2Tests;
				PRODUCT_NAME = "$(TARGET_NAME)";
				SWIFT_EMIT_LOC_STRINGS = NO;
				SWIFT_VERSION = 5.0;
				TARGETED_DEVICE_FAMILY = "1,2";
				TEST_HOST = "$(BUILT_PRODUCTS_DIR)/HomeFix2.app/$(BUNDLE_EXECUTABLE_FOLDER_PATH)/HomeFix2";
			};
			name = Release;
		};
		189C81E62D7FC81800A0B989 /* Debug */ = {
			isa = XCBuildConfiguration;
			buildSettings = {
				CODE_SIGN_STYLE = Automatic;
				CURRENT_PROJECT_VERSION = 1;
				DEVELOPMENT_TEAM = 7MPV3CPR5S;
				GENERATE_INFOPLIST_FILE = YES;
				MARKETING_VERSION = 1.0;
				PRODUCT_BUNDLE_IDENTIFIER = DevProject.HomeFix2UITests;
				PRODUCT_NAME = "$(TARGET_NAME)";
				SWIFT_EMIT_LOC_STRINGS = NO;
				SWIFT_VERSION = 5.0;
				TARGETED_DEVICE_FAMILY = "1,2";
				TEST_TARGET_NAME = HomeFix2;
			};
			name = Debug;
		};
		189C81E72D7FC81800A0B989 /* Release */ = {
			isa = XCBuildConfiguration;
			buildSettings = {
				CODE_SIGN_STYLE = Automatic;
				CURRENT_PROJECT_VERSION = 1;
				DEVELOPMENT_TEAM = 7MPV3CPR5S;
				GENERATE_INFOPLIST_FILE = YES;
				MARKETING_VERSION = 1.0;
				PRODUCT_BUNDLE_IDENTIFIER = DevProject.HomeFix2UITests;
				PRODUCT_NAME = "$(TARGET_NAME)";
				SWIFT_EMIT_LOC_STRINGS = NO;
				SWIFT_VERSION = 5.0;
				TARGETED_DEVICE_FAMILY = "1,2";
				TEST_TARGET_NAME = HomeFix2;
			};
			name = Release;
		};
/* End XCBuildConfiguration section */

/* Begin XCConfigurationList section */
		189C81B62D7FC81500A0B989 /* Build configuration list for PBXProject "HomeFix2" */ = {
			isa = XCConfigurationList;
			buildConfigurations = (
				189C81DD2D7FC81800A0B989 /* Debug */,
				189C81DE2D7FC81800A0B989 /* Release */,
			);
			defaultConfigurationIsVisible = 0;
			defaultConfigurationName = Release;
		};
		189C81DF2D7FC81800A0B989 /* Build configuration list for PBXNativeTarget "HomeFix2" */ = {
			isa = XCConfigurationList;
			buildConfigurations = (
				189C81E02D7FC81800A0B989 /* Debug */,
				189C81E12D7FC81800A0B989 /* Release */,
			);
			defaultConfigurationIsVisible = 0;
			defaultConfigurationName = Release;
		};
		189C81E22D7FC81800A0B989 /* Build configuration list for PBXNativeTarget "HomeFix2Tests" */ = {
			isa = XCConfigurationList;
			buildConfigurations = (
				189C81E32D7FC81800A0B989 /* Debug */,
				189C81E42D7FC81800A0B989 /* Release */,
			);
			defaultConfigurationIsVisible = 0;
			defaultConfigurationName = Release;
		};
		189C81E52D7FC81800A0B989 /* Build configuration list for PBXNativeTarget "HomeFix2UITests" */ = {
			isa = XCConfigurationList;
			buildConfigurations = (
				189C81E62D7FC81800A0B989 /* Debug */,
				189C81E72D7FC81800A0B989 /* Release */,
			);
			defaultConfigurationIsVisible = 0;
			defaultConfigurationName = Release;
		};
/* End XCConfigurationList section */

/* Begin XCRemoteSwiftPackageReference section */
		187FBFE72DD380FF003133FD /* XCRemoteSwiftPackageReference "firebase-ios-sdk" */ = {
			isa = XCRemoteSwiftPackageReference;
			repositoryURL = "https://github.com/firebase/firebase-ios-sdk.git";
			requirement = {
				kind = upToNextMajorVersion;
				minimumVersion = 11.12.0;
			};
		};
/* End XCRemoteSwiftPackageReference section */

/* Begin XCSwiftPackageProductDependency section */
		187FBFE82DD380FF003133FD /* FirebaseAuth */ = {
			isa = XCSwiftPackageProductDependency;
			package = 187FBFE72DD380FF003133FD /* XCRemoteSwiftPackageReference "firebase-ios-sdk" */;
			productName = FirebaseAuth;
		};
		187FBFEA2DD380FF003133FD /* FirebaseAuthCombine-Community */ = {
			isa = XCSwiftPackageProductDependency;
			package = 187FBFE72DD380FF003133FD /* XCRemoteSwiftPackageReference "firebase-ios-sdk" */;
			productName = "FirebaseAuthCombine-Community";
		};
		187FBFEC2DD380FF003133FD /* FirebaseDatabase */ = {
			isa = XCSwiftPackageProductDependency;
			package = 187FBFE72DD380FF003133FD /* XCRemoteSwiftPackageReference "firebase-ios-sdk" */;
			productName = FirebaseDatabase;
		};
		187FBFEE2DD380FF003133FD /* FirebaseFirestore */ = {
			isa = XCSwiftPackageProductDependency;
			package = 187FBFE72DD380FF003133FD /* XCRemoteSwiftPackageReference "firebase-ios-sdk" */;
			productName = FirebaseFirestore;
		};
/* End XCSwiftPackageProductDependency section */
	};
	rootObject = 189C81B32D7FC81500A0B989 /* Project object */;
}
